
Microsoft Visual Studio Solution File, Format Version 12.00
# Visual Studio 15
VisualStudioVersion = 15.0.27130.2036
MinimumVisualStudioVersion = 10.0.40219.1
Project("{262852C6-CD72-467D-83FE-5EEB1973A190}") = "Ionic3", "Ionic3\Ionic3.jsproj", "{693DF30E-0C1E-4E63-9065-66DBAD35FA4A}"
EndProject
Global
	GlobalSection(SolutionConfigurationPlatforms) = preSolution
		Ad-Hoc|Android = Ad-Hoc|Android
		Ad-Hoc|Any CPU = Ad-Hoc|Any CPU
		Ad-Hoc|iOS = Ad-Hoc|iOS
		Ad-Hoc|iPhone = Ad-Hoc|iPhone
		Ad-Hoc|iPhoneSimulator = Ad-Hoc|iPhoneSimulator
		Ad-Hoc|Windows-AnyCPU = Ad-Hoc|Windows-AnyCPU
		Ad-Hoc|Windows-ARM = Ad-Hoc|Windows-ARM
		Ad-Hoc|Windows-x64 = Ad-Hoc|Windows-x64
		Ad-Hoc|Windows-x86 = Ad-Hoc|Windows-x86
		AppStore|Android = AppStore|Android
		AppStore|Any CPU = AppStore|Any CPU
		AppStore|iOS = AppStore|iOS
		AppStore|iPhone = AppStore|iPhone
		AppStore|iPhoneSimulator = AppStore|iPhoneSimulator
		AppStore|Windows-AnyCPU = AppStore|Windows-AnyCPU
		AppStore|Windows-ARM = AppStore|Windows-ARM
		AppStore|Windows-x64 = AppStore|Windows-x64
		AppStore|Windows-x86 = AppStore|Windows-x86
		Debug|Android = Debug|Android
		Debug|Any CPU = Debug|Any CPU
		Debug|iOS = Debug|iOS
		Debug|iPhone = Debug|iPhone
		Debug|iPhoneSimulator = Debug|iPhoneSimulator
		Debug|Windows-AnyCPU = Debug|Windows-AnyCPU
		Debug|Windows-ARM = Debug|Windows-ARM
		Debug|Windows-x64 = Debug|Windows-x64
		Debug|Windows-x86 = Debug|Windows-x86
		Release|Android = Release|Android
		Release|Any CPU = Release|Any CPU
		Release|iOS = Release|iOS
		Release|iPhone = Release|iPhone
		Release|iPhoneSimulator = Release|iPhoneSimulator
		Release|Windows-AnyCPU = Release|Windows-AnyCPU
		Release|Windows-ARM = Release|Windows-ARM
		Release|Windows-x64 = Release|Windows-x64
		Release|Windows-x86 = Release|Windows-x86
	EndGlobalSection
	GlobalSection(ProjectConfigurationPlatforms) = postSolution
		{693DF30E-0C1E-4E63-9065-66DBAD35FA4A}.Ad-Hoc|Android.ActiveCfg = Release|Android
		{693DF30E-0C1E-4E63-9065-66DBAD35FA4A}.Ad-Hoc|Android.Build.0 = Release|Android
		{693DF30E-0C1E-4E63-9065-66DBAD35FA4A}.Ad-Hoc|Android.Deploy.0 = Release|Android
		{693DF30E-0C1E-4E63-9065-66DBAD35FA4A}.Ad-Hoc|Any CPU.ActiveCfg = Release|Android
		{693DF30E-0C1E-4E63-9065-66DBAD35FA4A}.Ad-Hoc|Any CPU.Build.0 = Release|Android
		{693DF30E-0C1E-4E63-9065-66DBAD35FA4A}.Ad-Hoc|Any CPU.Deploy.0 = Release|Android
		{693DF30E-0C1E-4E63-9065-66DBAD35FA4A}.Ad-Hoc|iOS.ActiveCfg = Release|iOS
		{693DF30E-0C1E-4E63-9065-66DBAD35FA4A}.Ad-Hoc|iOS.Build.0 = Release|iOS
		{693DF30E-0C1E-4E63-9065-66DBAD35FA4A}.Ad-Hoc|iOS.Deploy.0 = Release|iOS
		{693DF30E-0C1E-4E63-9065-66DBAD35FA4A}.Ad-Hoc|iPhone.ActiveCfg = Release|Android
		{693DF30E-0C1E-4E63-9065-66DBAD35FA4A}.Ad-Hoc|iPhone.Build.0 = Release|Android
		{693DF30E-0C1E-4E63-9065-66DBAD35FA4A}.Ad-Hoc|iPhone.Deploy.0 = Release|Android
		{693DF30E-0C1E-4E63-9065-66DBAD35FA4A}.Ad-Hoc|iPhoneSimulator.ActiveCfg = Release|Android
		{693DF30E-0C1E-4E63-9065-66DBAD35FA4A}.Ad-Hoc|iPhoneSimulator.Build.0 = Release|Android
		{693DF30E-0C1E-4E63-9065-66DBAD35FA4A}.Ad-Hoc|iPhoneSimulator.Deploy.0 = Release|Android
		{693DF30E-0C1E-4E63-9065-66DBAD35FA4A}.Ad-Hoc|Windows-AnyCPU.ActiveCfg = Release|Windows-AnyCPU
		{693DF30E-0C1E-4E63-9065-66DBAD35FA4A}.Ad-Hoc|Windows-AnyCPU.Build.0 = Release|Windows-AnyCPU
		{693DF30E-0C1E-4E63-9065-66DBAD35FA4A}.Ad-Hoc|Windows-AnyCPU.Deploy.0 = Release|Windows-AnyCPU
		{693DF30E-0C1E-4E63-9065-66DBAD35FA4A}.Ad-Hoc|Windows-ARM.ActiveCfg = Release|Windows-ARM
		{693DF30E-0C1E-4E63-9065-66DBAD35FA4A}.Ad-Hoc|Windows-ARM.Build.0 = Release|Windows-ARM
		{693DF30E-0C1E-4E63-9065-66DBAD35FA4A}.Ad-Hoc|Windows-ARM.Deploy.0 = Release|Windows-ARM
		{693DF30E-0C1E-4E63-9065-66DBAD35FA4A}.Ad-Hoc|Windows-x64.ActiveCfg = Release|Windows-x64
		{693DF30E-0C1E-4E63-9065-66DBAD35FA4A}.Ad-Hoc|Windows-x64.Build.0 = Release|Windows-x64
		{693DF30E-0C1E-4E63-9065-66DBAD35FA4A}.Ad-Hoc|Windows-x64.Deploy.0 = Release|Windows-x64
		{693DF30E-0C1E-4E63-9065-66DBAD35FA4A}.Ad-Hoc|Windows-x86.ActiveCfg = Release|Windows-x86
		{693DF30E-0C1E-4E63-9065-66DBAD35FA4A}.Ad-Hoc|Windows-x86.Build.0 = Release|Windows-x86
		{693DF30E-0C1E-4E63-9065-66DBAD35FA4A}.Ad-Hoc|Windows-x86.Deploy.0 = Release|Windows-x86
		{693DF30E-0C1E-4E63-9065-66DBAD35FA4A}.AppStore|Android.ActiveCfg = Release|Android
		{693DF30E-0C1E-4E63-9065-66DBAD35FA4A}.AppStore|Android.Build.0 = Release|Android
		{693DF30E-0C1E-4E63-9065-66DBAD35FA4A}.AppStore|Android.Deploy.0 = Release|Android
		{693DF30E-0C1E-4E63-9065-66DBAD35FA4A}.AppStore|Any CPU.ActiveCfg = Release|Android
		{693DF30E-0C1E-4E63-9065-66DBAD35FA4A}.AppStore|Any CPU.Build.0 = Release|Android
		{693DF30E-0C1E-4E63-9065-66DBAD35FA4A}.AppStore|Any CPU.Deploy.0 = Release|Android
		{693DF30E-0C1E-4E63-9065-66DBAD35FA4A}.AppStore|iOS.ActiveCfg = Release|iOS
		{693DF30E-0C1E-4E63-9065-66DBAD35FA4A}.AppStore|iOS.Build.0 = Release|iOS
		{693DF30E-0C1E-4E63-9065-66DBAD35FA4A}.AppStore|iOS.Deploy.0 = Release|iOS
		{693DF30E-0C1E-4E63-9065-66DBAD35FA4A}.AppStore|iPhone.ActiveCfg = Release|Android
		{693DF30E-0C1E-4E63-9065-66DBAD35FA4A}.AppStore|iPhone.Build.0 = Release|Android
		{693DF30E-0C1E-4E63-9065-66DBAD35FA4A}.AppStore|iPhone.Deploy.0 = Release|Android
		{693DF30E-0C1E-4E63-9065-66DBAD35FA4A}.AppStore|iPhoneSimulator.ActiveCfg = Release|Android
		{693DF30E-0C1E-4E63-9065-66DBAD35FA4A}.AppStore|iPhoneSimulator.Build.0 = Release|Android
		{693DF30E-0C1E-4E63-9065-66DBAD35FA4A}.AppStore|iPhoneSimulator.Deploy.0 = Release|Android
		{693DF30E-0C1E-4E63-9065-66DBAD35FA4A}.AppStore|Windows-AnyCPU.ActiveCfg = Release|Windows-AnyCPU
		{693DF30E-0C1E-4E63-9065-66DBAD35FA4A}.AppStore|Windows-AnyCPU.Build.0 = Release|Windows-AnyCPU
		{693DF30E-0C1E-4E63-9065-66DBAD35FA4A}.AppStore|Windows-AnyCPU.Deploy.0 = Release|Windows-AnyCPU
		{693DF30E-0C1E-4E63-9065-66DBAD35FA4A}.AppStore|Windows-ARM.ActiveCfg = Release|Windows-ARM
		{693DF30E-0C1E-4E63-9065-66DBAD35FA4A}.AppStore|Windows-ARM.Build.0 = Release|Windows-ARM
		{693DF30E-0C1E-4E63-9065-66DBAD35FA4A}.AppStore|Windows-ARM.Deploy.0 = Release|Windows-ARM
		{693DF30E-0C1E-4E63-9065-66DBAD35FA4A}.AppStore|Windows-x64.ActiveCfg = Release|Windows-x64
		{693DF30E-0C1E-4E63-9065-66DBAD35FA4A}.AppStore|Windows-x64.Build.0 = Release|Windows-x64
		{693DF30E-0C1E-4E63-9065-66DBAD35FA4A}.AppStore|Windows-x64.Deploy.0 = Release|Windows-x64
		{693DF30E-0C1E-4E63-9065-66DBAD35FA4A}.AppStore|Windows-x86.ActiveCfg = Release|Windows-x86
		{693DF30E-0C1E-4E63-9065-66DBAD35FA4A}.AppStore|Windows-x86.Build.0 = Release|Windows-x86
		{693DF30E-0C1E-4E63-9065-66DBAD35FA4A}.AppStore|Windows-x86.Deploy.0 = Release|Windows-x86
		{693DF30E-0C1E-4E63-9065-66DBAD35FA4A}.Debug|Android.ActiveCfg = Debug|Android
		{693DF30E-0C1E-4E63-9065-66DBAD35FA4A}.Debug|Android.Build.0 = Debug|Android
		{693DF30E-0C1E-4E63-9065-66DBAD35FA4A}.Debug|Android.Deploy.0 = Debug|Android
		{693DF30E-0C1E-4E63-9065-66DBAD35FA4A}.Debug|Any CPU.ActiveCfg = Debug|Android
		{693DF30E-0C1E-4E63-9065-66DBAD35FA4A}.Debug|iOS.ActiveCfg = Debug|iOS
		{693DF30E-0C1E-4E63-9065-66DBAD35FA4A}.Debug|iOS.Build.0 = Debug|iOS
		{693DF30E-0C1E-4E63-9065-66DBAD35FA4A}.Debug|iOS.Deploy.0 = Debug|iOS
		{693DF30E-0C1E-4E63-9065-66DBAD35FA4A}.Debug|iPhone.ActiveCfg = Debug|iOS
		{693DF30E-0C1E-4E63-9065-66DBAD35FA4A}.Debug|iPhoneSimulator.ActiveCfg = Debug|iOS
		{693DF30E-0C1E-4E63-9065-66DBAD35FA4A}.Debug|Windows-AnyCPU.ActiveCfg = Debug|Windows-AnyCPU
		{693DF30E-0C1E-4E63-9065-66DBAD35FA4A}.Debug|Windows-AnyCPU.Build.0 = Debug|Windows-AnyCPU
		{693DF30E-0C1E-4E63-9065-66DBAD35FA4A}.Debug|Windows-AnyCPU.Deploy.0 = Debug|Windows-AnyCPU
		{693DF30E-0C1E-4E63-9065-66DBAD35FA4A}.Debug|Windows-ARM.ActiveCfg = Debug|Windows-ARM
		{693DF30E-0C1E-4E63-9065-66DBAD35FA4A}.Debug|Windows-ARM.Build.0 = Debug|Windows-ARM
		{693DF30E-0C1E-4E63-9065-66DBAD35FA4A}.Debug|Windows-ARM.Deploy.0 = Debug|Windows-ARM
		{693DF30E-0C1E-4E63-9065-66DBAD35FA4A}.Debug|Windows-x64.ActiveCfg = Debug|Windows-x64
		{693DF30E-0C1E-4E63-9065-66DBAD35FA4A}.Debug|Windows-x64.Build.0 = Debug|Windows-x64
		{693DF30E-0C1E-4E63-9065-66DBAD35FA4A}.Debug|Windows-x64.Deploy.0 = Debug|Windows-x64
		{693DF30E-0C1E-4E63-9065-66DBAD35FA4A}.Debug|Windows-x86.ActiveCfg = Debug|Windows-x86
		{693DF30E-0C1E-4E63-9065-66DBAD35FA4A}.Debug|Windows-x86.Build.0 = Debug|Windows-x86
		{693DF30E-0C1E-4E63-9065-66DBAD35FA4A}.Debug|Windows-x86.Deploy.0 = Debug|Windows-x86
		{693DF30E-0C1E-4E63-9065-66DBAD35FA4A}.Release|Android.ActiveCfg = Release|Android
		{693DF30E-0C1E-4E63-9065-66DBAD35FA4A}.Release|Android.Build.0 = Release|Android
		{693DF30E-0C1E-4E63-9065-66DBAD35FA4A}.Release|Android.Deploy.0 = Release|Android
		{693DF30E-0C1E-4E63-9065-66DBAD35FA4A}.Release|Any CPU.ActiveCfg = Release|Android
		{693DF30E-0C1E-4E63-9065-66DBAD35FA4A}.Release|iOS.ActiveCfg = Release|iOS
		{693DF30E-0C1E-4E63-9065-66DBAD35FA4A}.Release|iOS.Build.0 = Release|iOS
		{693DF30E-0C1E-4E63-9065-66DBAD35FA4A}.Release|iOS.Deploy.0 = Release|iOS
		{693DF30E-0C1E-4E63-9065-66DBAD35FA4A}.Release|iPhone.ActiveCfg = Release|iOS
		{693DF30E-0C1E-4E63-9065-66DBAD35FA4A}.Release|iPhoneSimulator.ActiveCfg = Release|iOS
		{693DF30E-0C1E-4E63-9065-66DBAD35FA4A}.Release|Windows-AnyCPU.ActiveCfg = Release|Windows-AnyCPU
		{693DF30E-0C1E-4E63-9065-66DBAD35FA4A}.Release|Windows-AnyCPU.Build.0 = Release|Windows-AnyCPU
		{693DF30E-0C1E-4E63-9065-66DBAD35FA4A}.Release|Windows-AnyCPU.Deploy.0 = Release|Windows-AnyCPU
		{693DF30E-0C1E-4E63-9065-66DBAD35FA4A}.Release|Windows-ARM.ActiveCfg = Release|Windows-ARM
		{693DF30E-0C1E-4E63-9065-66DBAD35FA4A}.Release|Windows-ARM.Build.0 = Release|Windows-ARM
		{693DF30E-0C1E-4E63-9065-66DBAD35FA4A}.Release|Windows-ARM.Deploy.0 = Release|Windows-ARM
		{693DF30E-0C1E-4E63-9065-66DBAD35FA4A}.Release|Windows-x64.ActiveCfg = Release|Windows-x64
		{693DF30E-0C1E-4E63-9065-66DBAD35FA4A}.Release|Windows-x64.Build.0 = Release|Windows-x64
		{693DF30E-0C1E-4E63-9065-66DBAD35FA4A}.Release|Windows-x64.Deploy.0 = Release|Windows-x64
		{693DF30E-0C1E-4E63-9065-66DBAD35FA4A}.Release|Windows-x86.ActiveCfg = Release|Windows-x86
		{693DF30E-0C1E-4E63-9065-66DBAD35FA4A}.Release|Windows-x86.Build.0 = Release|Windows-x86
		{693DF30E-0C1E-4E63-9065-66DBAD35FA4A}.Release|Windows-x86.Deploy.0 = Release|Windows-x86
	EndGlobalSection
	GlobalSection(SolutionProperties) = preSolution
		HideSolutionNode = FALSE
	EndGlobalSection
	GlobalSection(ExtensibilityGlobals) = postSolution
		SolutionGuid = {51EB3F06-5DAA-4677-9BF8-D224A9E66E49}
	EndGlobalSection
EndGlobal
